// !$*UTF8*$!
{
	archiveVersion = 1;
	classes = {
	};
	objectVersion = 50;
	objects = {

/* Begin PBXBuildFile section */
		8CAE4F702130C9EC004B037C /* AppDelegate.swift in Sources */ = {isa = PBXBuildFile; fileRef = 8CAE4F6F2130C9EC004B037C /* AppDelegate.swift */; };
		8CAE4F722130C9EC004B037C /* GameScene.sks in Resources */ = {isa = PBXBuildFile; fileRef = 8CAE4F712130C9EC004B037C /* GameScene.sks */; };
		8CAE4F762130C9EC004B037C /* GameScene.swift in Sources */ = {isa = PBXBuildFile; fileRef = 8CAE4F752130C9EC004B037C /* GameScene.swift */; };
		8CAE4F782130C9EC004B037C /* GameViewController.swift in Sources */ = {isa = PBXBuildFile; fileRef = 8CAE4F772130C9EC004B037C /* GameViewController.swift */; };
		8CAE4F7B2130C9EC004B037C /* Main.storyboard in Resources */ = {isa = PBXBuildFile; fileRef = 8CAE4F792130C9EC004B037C /* Main.storyboard */; };
		8CAE4F7D2130C9EF004B037C /* Assets.xcassets in Resources */ = {isa = PBXBuildFile; fileRef = 8CAE4F7C2130C9EF004B037C /* Assets.xcassets */; };
		8CAE4F802130C9EF004B037C /* LaunchScreen.storyboard in Resources */ = {isa = PBXBuildFile; fileRef = 8CAE4F7E2130C9EF004B037C /* LaunchScreen.storyboard */; };
		8CAE4F8F2130CB79004B037C /* spark.png in Resources */ = {isa = PBXBuildFile; fileRef = 8CAE4F882130CB79004B037C /* spark.png */; };
		8CAE4F902130CB79004B037C /* background.png in Resources */ = {isa = PBXBuildFile; fileRef = 8CAE4F892130CB79004B037C /* background.png */; };
		8CAE4F912130CB79004B037C /* rocket.png in Resources */ = {isa = PBXBuildFile; fileRef = 8CAE4F8A2130CB79004B037C /* rocket.png */; };
		8CAE4F922130CB79004B037C /* fuse.sks in Resources */ = {isa = PBXBuildFile; fileRef = 8CAE4F8B2130CB79004B037C /* fuse.sks */; };
		8CAE4F932130CB79004B037C /* explode.sks in Resources */ = {isa = PBXBuildFile; fileRef = 8CAE4F8C2130CB79004B037C /* explode.sks */; };
		8CAE4F942130CB79004B037C /* background@2x.png in Resources */ = {isa = PBXBuildFile; fileRef = 8CAE4F8D2130CB79004B037C /* background@2x.png */; };
		8CAE4F952130CB79004B037C /* rocket@2x.png in Resources */ = {isa = PBXBuildFile; fileRef = 8CAE4F8E2130CB79004B037C /* rocket@2x.png */; };
/* End PBXBuildFile section */

/* Begin PBXFileReference section */
		8CAE4F6C2130C9EC004B037C /* Project20.app */ = {isa = PBXFileReference; explicitFileType = wrapper.application; includeInIndex = 0; path = Project20.app; sourceTree = BUILT_PRODUCTS_DIR; };
		8CAE4F6F2130C9EC004B037C /* AppDelegate.swift */ = {isa = PBXFileReference; lastKnownFileType = sourcecode.swift; path = AppDelegate.swift; sourceTree = "<group>"; };
		8CAE4F712130C9EC004B037C /* GameScene.sks */ = {isa = PBXFileReference; lastKnownFileType = file.sks; path = GameScene.sks; sourceTree = "<group>"; };
		8CAE4F752130C9EC004B037C /* GameScene.swift */ = {isa = PBXFileReference; lastKnownFileType = sourcecode.swift; path = GameScene.swift; sourceTree = "<group>"; };
		8CAE4F772130C9EC004B037C /* GameViewController.swift */ = {isa = PBXFileReference; lastKnownFileType = sourcecode.swift; path = GameViewController.swift; sourceTree = "<group>"; };
		8CAE4F7A2130C9EC004B037C /* Base */ = {isa = PBXFileReference; lastKnownFileType = file.storyboard; name = Base; path = Base.lproj/Main.storyboard; sourceTree = "<group>"; };
		8CAE4F7C2130C9EF004B037C /* Assets.xcassets */ = {isa = PBXFileReference; lastKnownFileType = folder.assetcatalog; path = Assets.xcassets; sourceTree = "<group>"; };
		8CAE4F7F2130C9EF004B037C /* Base */ = {isa = PBXFileReference; lastKnownFileType = file.storyboard; name = Base; path = Base.lproj/LaunchScreen.storyboard; sourceTree = "<group>"; };
		8CAE4F812130C9EF004B037C /* Info.plist */ = {isa = PBXFileReference; lastKnownFileType = text.plist.xml; path = Info.plist; sourceTree = "<group>"; };
		8CAE4F882130CB79004B037C /* spark.png */ = {isa = PBXFileReference; lastKnownFileType = image.png; path = spark.png; sourceTree = "<group>"; };
		8CAE4F892130CB79004B037C /* background.png */ = {isa = PBXFileReference; lastKnownFileType = image.png; path = background.png; sourceTree = "<group>"; };
		8CAE4F8A2130CB79004B037C /* rocket.png */ = {isa = PBXFileReference; lastKnownFileType = image.png; path = rocket.png; sourceTree = "<group>"; };
		8CAE4F8B2130CB79004B037C /* fuse.sks */ = {isa = PBXFileReference; lastKnownFileType = file.sks; path = fuse.sks; sourceTree = "<group>"; };
		8CAE4F8C2130CB79004B037C /* explode.sks */ = {isa = PBXFileReference; lastKnownFileType = file.sks; path = explode.sks; sourceTree = "<group>"; };
		8CAE4F8D2130CB79004B037C /* background@2x.png */ = {isa = PBXFileReference; lastKnownFileType = image.png; path = "background@2x.png"; sourceTree = "<group>"; };
		8CAE4F8E2130CB79004B037C /* rocket@2x.png */ = {isa = PBXFileReference; lastKnownFileType = image.png; path = "rocket@2x.png"; sourceTree = "<group>"; };
/* End PBXFileReference section */

/* Begin PBXFrameworksBuildPhase section */
		8CAE4F692130C9EC004B037C /* Frameworks */ = {
			isa = PBXFrameworksBuildPhase;
			buildActionMask = 2147483647;
			files = (
			);
			runOnlyForDeploymentPostprocessing = 0;
		};
/* End PBXFrameworksBuildPhase section */

/* Begin PBXGroup section */
		8CAE4F632130C9EC004B037C = {
			isa = PBXGroup;
			children = (
				8CAE4F6E2130C9EC004B037C /* Project20 */,
				8CAE4F6D2130C9EC004B037C /* Products */,
			);
			sourceTree = "<group>";
		};
		8CAE4F6D2130C9EC004B037C /* Products */ = {
			isa = PBXGroup;
			children = (
				8CAE4F6C2130C9EC004B037C /* Project20.app */,
			);
			name = Products;
			sourceTree = "<group>";
		};
		8CAE4F6E2130C9EC004B037C /* Project20 */ = {
			isa = PBXGroup;
			children = (
				8CAE4F6F2130C9EC004B037C /* AppDelegate.swift */,
				8CAE4F712130C9EC004B037C /* GameScene.sks */,
				8CAE4F752130C9EC004B037C /* GameScene.swift */,
				8CAE4F772130C9EC004B037C /* GameViewController.swift */,
				8CAE4F792130C9EC004B037C /* Main.storyboard */,
				8CAE4F7C2130C9EF004B037C /* Assets.xcassets */,
				8CAE4F872130CB79004B037C /* Content */,
				8CAE4F7E2130C9EF004B037C /* LaunchScreen.storyboard */,
				8CAE4F812130C9EF004B037C /* Info.plist */,
			);
			path = Project20;
			sourceTree = "<group>";
		};
		8CAE4F872130CB79004B037C /* Content */ = {
			isa = PBXGroup;
			children = (
				8CAE4F882130CB79004B037C /* spark.png */,
				8CAE4F892130CB79004B037C /* background.png */,
				8CAE4F8A2130CB79004B037C /* rocket.png */,
				8CAE4F8B2130CB79004B037C /* fuse.sks */,
				8CAE4F8C2130CB79004B037C /* explode.sks */,
				8CAE4F8D2130CB79004B037C /* background@2x.png */,
				8CAE4F8E2130CB79004B037C /* rocket@2x.png */,
			);
			path = Content;
			sourceTree = "<group>";
		};
/* End PBXGroup section */

/* Begin PBXNativeTarget section */
		8CAE4F6B2130C9EC004B037C /* Project20 */ = {
			isa = PBXNativeTarget;
			buildConfigurationList = 8CAE4F842130C9EF004B037C /* Build configuration list for PBXNativeTarget "Project20" */;
			buildPhases = (
				8CAE4F682130C9EC004B037C /* Sources */,
				8CAE4F692130C9EC004B037C /* Frameworks */,
				8CAE4F6A2130C9EC004B037C /* Resources */,
			);
			buildRules = (
			);
			dependencies = (
			);
			name = Project20;
			productName = Project20;
			productReference = 8CAE4F6C2130C9EC004B037C /* Project20.app */;
			productType = "com.apple.product-type.application";
		};
/* End PBXNativeTarget section */

/* Begin PBXProject section */
		8CAE4F642130C9EC004B037C /* Project object */ = {
			isa = PBXProject;
			attributes = {
				LastSwiftUpdateCheck = 0940;
				LastUpgradeCheck = 0940;
				ORGANIZATIONNAME = "Charles Martin Reed";
				TargetAttributes = {
					8CAE4F6B2130C9EC004B037C = {
						CreatedOnToolsVersion = 9.4.1;
					};
				};
			};
			buildConfigurationList = 8CAE4F672130C9EC004B037C /* Build configuration list for PBXProject "Project20" */;
			compatibilityVersion = "Xcode 9.3";
			developmentRegion = en;
			hasScannedForEncodings = 0;
			knownRegions = (
				en,
				Base,
			);
			mainGroup = 8CAE4F632130C9EC004B037C;
			productRefGroup = 8CAE4F6D2130C9EC004B037C /* Products */;
			projectDirPath = "";
			projectRoot = "";
			targets = (
				8CAE4F6B2130C9EC004B037C /* Project20 */,
			);
		};
/* End PBXProject section */

/* Begin PBXResourcesBuildPhase section */
		8CAE4F6A2130C9EC004B037C /* Resources */ = {
			isa = PBXResourcesBuildPhase;
			buildActionMask = 2147483647;
			files = (
				8CAE4F952130CB79004B037C /* rocket@2x.png in Resources */,
				8CAE4F912130CB79004B037C /* rocket.png in Resources */,
				8CAE4F8F2130CB79004B037C /* spark.png in Resources */,
				8CAE4F922130CB79004B037C /* fuse.sks in Resources */,
				8CAE4F902130CB79004B037C /* background.png in Resources */,
				8CAE4F7B2130C9EC004B037C /* Main.storyboard in Resources */,
				8CAE4F932130CB79004B037C /* explode.sks in Resources */,
				8CAE4F722130C9EC004B037C /* GameScene.sks in Resources */,
				8CAE4F7D2130C9EF004B037C /* Assets.xcassets in Resources */,
				8CAE4F942130CB79004B037C /* background@2x.png in Resources */,
				8CAE4F802130C9EF004B037C /* LaunchScreen.storyboard in Resources */,
			);
			runOnlyForDeploymentPostprocessing = 0;
		};
/* End PBXResourcesBuildPhase section */

/* Begin PBXSourcesBuildPhase section */
		8CAE4F682130C9EC004B037C /* Sources */ = {
			isa = PBXSourcesBuildPhase;
			buildActionMask = 2147483647;
			files = (
				8CAE4F762130C9EC004B037C /* GameScene.swift in Sources */,
				8CAE4F782130C9EC004B037C /* GameViewController.swift in Sources */,
				8CAE4F702130C9EC004B037C /* AppDelegate.swift in Sources */,
			);
			runOnlyForDeploymentPostprocessing = 0;
		};
/* End PBXSourcesBuildPhase section */

/* Begin PBXVariantGroup section */
		8CAE4F792130C9EC004B037C /* Main.storyboard */ = {
			isa = PBXVariantGroup;
			children = (
				8CAE4F7A2130C9EC004B037C /* Base */,
			);
			name = Main.storyboard;
			sourceTree = "<group>";
		};
		8CAE4F7E2130C9EF004B037C /* LaunchScreen.storyboard */ = {
			isa = PBXVariantGroup;
			children = (
				8CAE4F7F2130C9EF004B037C /* Base */,
			);
			name = LaunchScreen.storyboard;
			sourceTree = "<group>";
		};
/* End PBXVariantGroup section */

/* Begin XCBuildConfiguration section */
		8CAE4F822130C9EF004B037C /* Debug */ = {
			isa = XCBuildConfiguration;
			buildSettings = {
				ALWAYS_SEARCH_USER_PATHS = NO;
				CLANG_ANALYZER_NONNULL = YES;
				CLANG_ANALYZER_NUMBER_OBJECT_CONVERSION = YES_AGGRESSIVE;
				CLANG_CXX_LANGUAGE_STANDARD = "gnu++14";
				CLANG_CXX_LIBRARY = "libc++";
				CLANG_ENABLE_MODULES = YES;
				CLANG_ENABLE_OBJC_ARC = YES;
				CLANG_ENABLE_OBJC_WEAK = YES;
				CLANG_WARN_BLOCK_CAPTURE_AUTORELEASING = YES;
				CLANG_WARN_BOOL_CONVERSION = YES;
				CLANG_WARN_COMMA = YES;
				CLANG_WARN_CONSTANT_CONVERSION = YES;
				CLANG_WARN_DEPRECATED_OBJC_IMPLEMENTATIONS = YES;
				CLANG_WARN_DIRECT_OBJC_ISA_USAGE = YES_ERROR;
				CLANG_WARN_DOCUMENTATION_COMMENTS = YES;
				CLANG_WARN_EMPTY_BODY = YES;
				CLANG_WARN_ENUM_CONVERSION = YES;
				CLANG_WARN_INFINITE_RECURSION = YES;
				CLANG_WARN_INT_CONVERSION = YES;
				CLANG_WARN_NON_LITERAL_NULL_CONVERSION = YES;
				CLANG_WARN_OBJC_IMPLICIT_RETAIN_SELF = YES;
				CLANG_WARN_OBJC_LITERAL_CONVERSION = YES;
				CLANG_WARN_OBJC_ROOT_CLASS = YES_ERROR;
				CLANG_WARN_RANGE_LOOP_ANALYSIS = YES;
				CLANG_WARN_STRICT_PROTOTYPES = YES;
				CLANG_WARN_SUSPICIOUS_MOVE = YES;
				CLANG_WARN_UNGUARDED_AVAILABILITY = YES_AGGRESSIVE;
				CLANG_WARN_UNREACHABLE_CODE = YES;
				CLANG_WARN__DUPLICATE_METHOD_MATCH = YES;
				CODE_SIGN_IDENTITY = "iPhone Developer";
				COPY_PHASE_STRIP = NO;
				DEBUG_INFORMATION_FORMAT = dwarf;
				ENABLE_STRICT_OBJC_MSGSEND = YES;
				ENABLE_TESTABILITY = YES;
				GCC_C_LANGUAGE_STANDARD = gnu11;
				GCC_DYNAMIC_NO_PIC = NO;
				GCC_NO_COMMON_BLOCKS = YES;
				GCC_OPTIMIZATION_LEVEL = 0;
				GCC_PREPROCESSOR_DEFINITIONS = (
					"DEBUG=1",
					"$(inherited)",
				);
				GCC_WARN_64_TO_32_BIT_CONVERSION = YES;
				GCC_WARN_ABOUT_RETURN_TYPE = YES_ERROR;
				GCC_WARN_UNDECLARED_SELECTOR = YES;
				GCC_WARN_UNINITIALIZED_AUTOS = YES_AGGRESSIVE;
				GCC_WARN_UNUSED_FUNCTION = YES;
				GCC_WARN_UNUSED_VARIABLE = YES;
				IPHONEOS_DEPLOYMENT_TARGET = 11.4;
				MTL_ENABLE_DEBUG_INFO = YES;
				ONLY_ACTIVE_ARCH = YES;
				SDKROOT = iphoneos;
				SWIFT_ACTIVE_COMPILATION_CONDITIONS = DEBUG;
				SWIFT_OPTIMIZATION_LEVEL = "-Onone";
			};
			name = Debug;
		};
		8CAE4F832130C9EF004B037C /* Release */ = {
			isa = XCBuildConfiguration;
			buildSettings = {
				ALWAYS_SEARCH_USER_PATHS = NO;
				CLANG_ANALYZER_NONNULL = YES;
				CLANG_ANALYZER_NUMBER_OBJECT_CONVERSION = YES_AGGRESSIVE;
				CLANG_CXX_LANGUAGE_STANDARD = "gnu++14";
				CLANG_CXX_LIBRARY = "libc++";
				CLANG_ENABLE_MODULES = YES;
				CLANG_ENABLE_OBJC_ARC = YES;
				CLANG_ENABLE_OBJC_WEAK = YES;
				CLANG_WARN_BLOCK_CAPTURE_AUTORELEASING = YES;
				CLANG_WARN_BOOL_CONVERSION = YES;
				CLANG_WARN_COMMA = YES;
				CLANG_WARN_CONSTANT_CONVERSION = YES;
				CLANG_WARN_DEPRECATED_OBJC_IMPLEMENTATIONS = YES;
				CLANG_WARN_DIRECT_OBJC_ISA_USAGE = YES_ERROR;
				CLANG_WARN_DOCUMENTATION_COMMENTS = YES;
				CLANG_WARN_EMPTY_BODY = YES;
				CLANG_WARN_ENUM_CONVERSION = YES;
				CLANG_WARN_INFINITE_RECURSION = YES;
				CLANG_WARN_INT_CONVERSION = YES;
				CLANG_WARN_NON_LITERAL_NULL_CONVERSION = YES;
				CLANG_WARN_OBJC_IMPLICIT_RETAIN_SELF = YES;
				CLANG_WARN_OBJC_LITERAL_CONVERSION = YES;
				CLANG_WARN_OBJC_ROOT_CLASS = YES_ERROR;
				CLANG_WARN_RANGE_LOOP_ANALYSIS = YES;
				CLANG_WARN_STRICT_PROTOTYPES = YES;
				CLANG_WARN_SUSPICIOUS_MOVE = YES;
				CLANG_WARN_UNGUARDED_AVAILABILITY = YES_AGGRESSIVE;
				CLANG_WARN_UNREACHABLE_CODE = YES;
				CLANG_WARN__DUPLICATE_METHOD_MATCH = YES;
				CODE_SIGN_IDENTITY = "iPhone Developer";
				COPY_PHASE_STRIP = NO;
				DEBUG_INFORMATION_FORMAT = "dwarf-with-dsym";
				ENABLE_NS_ASSERTIONS = NO;
				ENABLE_STRICT_OBJC_MSGSEND = YES;
				GCC_C_LANGUAGE_STANDARD = gnu11;
				GCC_NO_COMMON_BLOCKS = YES;
				GCC_WARN_64_TO_32_BIT_CONVERSION = YES;
				GCC_WARN_ABOUT_RETURN_TYPE = YES_ERROR;
				GCC_WARN_UNDECLARED_SELECTOR = YES;
				GCC_WARN_UNINITIALIZED_AUTOS = YES_AGGRESSIVE;
				GCC_WARN_UNUSED_FUNCTION = YES;
				GCC_WARN_UNUSED_VARIABLE = YES;
				IPHONEOS_DEPLOYMENT_TARGET = 11.4;
				MTL_ENABLE_DEBUG_INFO = NO;
				SDKROOT = iphoneos;
				SWIFT_COMPILATION_MODE = wholemodule;
				SWIFT_OPTIMIZATION_LEVEL = "-O";
				VALIDATE_PRODUCT = YES;
			};
			name = Release;
		};
		8CAE4F852130C9EF004B037C /* Debug */ = {
			isa = XCBuildConfiguration;
			buildSettings = {
				ASSETCATALOG_COMPILER_APPICON_NAME = AppIcon;
				CODE_SIGN_STYLE = Automatic;
				INFOPLIST_FILE = Project20/Info.plist;
				LD_RUNPATH_SEARCH_PATHS = (
					"$(inherited)",
					"@executable_path/Frameworks",
				);
				PRODUCT_BUNDLE_IDENTIFIER = com.charlesmartinreed.Project20;
				PRODUCT_NAME = "$(TARGET_NAME)";
				SWIFT_VERSION = 4.0;
				TARGETED_DEVICE_FAMILY = 2;
			};
			name = Debug;
		};
		8CAE4F862130C9EF004B037C /* Release */ = {
			isa = XCBuildConfiguration;
			buildSettings = {
				ASSETCATALOG_COMPILER_APPICON_NAME = AppIcon;
				CODE_SIGN_STYLE = Automatic;
				INFOPLIST_FILE = Project20/Info.plist;
				LD_RUNPATH_SEARCH_PATHS = (
					"$(inherited)",
					"@executable_path/Frameworks",
				);
				PRODUCT_BUNDLE_IDENTIFIER = com.charlesmartinreed.Project20;
				PRODUCT_NAME = "$(TARGET_NAME)";
				SWIFT_VERSION = 4.0;
				TARGETED_DEVICE_FAMILY = 2;
			};
			name = Release;
		};
/* End XCBuildConfiguration section */

/* Begin XCConfigurationList section */
		8CAE4F672130C9EC004B037C /* Build configuration list for PBXProject "Project20" */ = {
			isa = XCConfigurationList;
			buildConfigurations = (
				8CAE4F822130C9EF004B037C /* Debug */,
				8CAE4F832130C9EF004B037C /* Release */,
			);
			defaultConfigurationIsVisible = 0;
			defaultConfigurationName = Release;
		};
		8CAE4F842130C9EF004B037C /* Build configuration list for PBXNativeTarget "Project20" */ = {
			isa = XCConfigurationList;
			buildConfigurations = (
				8CAE4F852130C9EF004B037C /* Debug */,
				8CAE4F862130C9EF004B037C /* Release */,
			);
			defaultConfigurationIsVisible = 0;
			defaultConfigurationName = Release;
		};
/* End XCConfigurationList section */
	};
	rootObject = 8CAE4F642130C9EC004B037C /* Project object */;
}
